
Microsoft Visual Studio Solution File, Format Version 12.00
# Visual Studio Version 17
VisualStudioVersion = 17.8.34309.116
MinimumVisualStudioVersion = 10.0.40219.1
Project("{F184B08F-C81C-45F6-A57F-5ABD9991F28F}") = "3DS Video Converter", "3DS Video Converter\3DS Video Converter.vbproj", "{EFFC83CD-CE36-4386-84E6-19B882CE02F1}"
EndProject
Global
	GlobalSection(SolutionConfigurationPlatforms) = preSolution
		Debug|Any CPU = Debug|Any CPU
		Release|Any CPU = Release|Any CPU
	EndGlobalSection
	GlobalSection(ProjectConfigurationPlatforms) = postSolution
		{EFFC83CD-CE36-4386-84E6-19B882CE02F1}.Debug|Any CPU.ActiveCfg = Debug|Any CPU
		{EFFC83CD-CE36-4386-84E6-19B882CE02F1}.Debug|Any CPU.Build.0 = Debug|Any CPU
		{EFFC83CD-CE36-4386-84E6-19B882CE02F1}.Release|Any CPU.ActiveCfg = Release|Any CPU
		{EFFC83CD-CE36-4386-84E6-19B882CE02F1}.Release|Any CPU.Build.0 = Release|Any CPU
	EndGlobalSection
	GlobalSection(SolutionProperties) = preSolution
		HideSolutionNode = FALSE
	EndGlobalSection
	GlobalSection(ExtensibilityGlobals) = postSolution
		SolutionGuid = {23BC93D9-2F17-4761-9E7A-86AB1C570FDE}
	EndGlobalSection
EndGlobal
